{
  "version": 4,
  "terraform_version": "0.12.5",
  "serial": 23,
  "lineage": "6f7f485a-1244-28ad-242a-84a772444a62",
  "outputs": {},
  "resources": [
    {
      "mode": "managed",
      "type": "aws_api_gateway_rest_api",
      "name": "details_api",
      "provider": "provider.aws",
      "instances": [
        {
          "schema_version": 0,
          "attributes": {
            "api_key_source": "HEADER",
            "binary_media_types": null,
            "body": null,
            "created_date": "2019-10-13T17:06:07Z",
            "description": "This is my API for interfacing with an employees database",
            "endpoint_configuration": [
              {
                "types": [
                  "EDGE"
                ]
              }
            ],
            "execution_arn": "arn:aws:execute-api:eu-west-2:430066185760:wlg5wtmfn5",
            "id": "wlg5wtmfn5",
            "minimum_compression_size": -1,
            "name": "EmployeeDetailsApi",
            "policy": "",
            "root_resource_id": "9f9rtj68ii"
          },
          "private": "bnVsbA=="
        }
      ]
    }
  ]
}
